// !$*UTF8*$!
{
	archiveVersion = 1;
	classes = {
	};
	objectVersion = 52;
	objects = {

/* Begin PBXBuildFile section */
		C9CD927F25B6C88C00920B81 /* ImagePickerViewDemoApp.swift in Sources */ = {isa = PBXBuildFile; fileRef = C9CD927E25B6C88C00920B81 /* ImagePickerViewDemoApp.swift */; };
		C9CD928325B6C88F00920B81 /* Assets.xcassets in Resources */ = {isa = PBXBuildFile; fileRef = C9CD928225B6C88F00920B81 /* Assets.xcassets */; };
		C9CD928625B6C88F00920B81 /* Preview Assets.xcassets in Resources */ = {isa = PBXBuildFile; fileRef = C9CD928525B6C88F00920B81 /* Preview Assets.xcassets */; };
		C9CD928F25B6C8F500920B81 /* UIImagePickerControllerContentView.swift in Sources */ = {isa = PBXBuildFile; fileRef = C9CD928E25B6C8F500920B81 /* UIImagePickerControllerContentView.swift */; };
		C9CD929325B6C91D00920B81 /* PHPickerViewControllerContentView.swift in Sources */ = {isa = PBXBuildFile; fileRef = C9CD929225B6C91D00920B81 /* PHPickerViewControllerContentView.swift */; };
		C9CD929725B6CA7B00920B81 /* ImagePickerView in Frameworks */ = {isa = PBXBuildFile; productRef = C9CD929625B6CA7B00920B81 /* ImagePickerView */; };
/* End PBXBuildFile section */

/* Begin PBXFileReference section */
		C9CD927B25B6C88C00920B81 /* ImagePickerViewDemo.app */ = {isa = PBXFileReference; explicitFileType = wrapper.application; includeInIndex = 0; path = ImagePickerViewDemo.app; sourceTree = BUILT_PRODUCTS_DIR; };
		C9CD927E25B6C88C00920B81 /* ImagePickerViewDemoApp.swift */ = {isa = PBXFileReference; lastKnownFileType = sourcecode.swift; path = ImagePickerViewDemoApp.swift; sourceTree = "<group>"; };
		C9CD928225B6C88F00920B81 /* Assets.xcassets */ = {isa = PBXFileReference; lastKnownFileType = folder.assetcatalog; path = Assets.xcassets; sourceTree = "<group>"; };
		C9CD928525B6C88F00920B81 /* Preview Assets.xcassets */ = {isa = PBXFileReference; lastKnownFileType = folder.assetcatalog; path = "Preview Assets.xcassets"; sourceTree = "<group>"; };
		C9CD928725B6C88F00920B81 /* Info.plist */ = {isa = PBXFileReference; lastKnownFileType = text.plist.xml; path = Info.plist; sourceTree = "<group>"; };
		C9CD928E25B6C8F500920B81 /* UIImagePickerControllerContentView.swift */ = {isa = PBXFileReference; lastKnownFileType = sourcecode.swift; path = UIImagePickerControllerContentView.swift; sourceTree = "<group>"; };
		C9CD929225B6C91D00920B81 /* PHPickerViewControllerContentView.swift */ = {isa = PBXFileReference; lastKnownFileType = sourcecode.swift; path = PHPickerViewControllerContentView.swift; sourceTree = "<group>"; };
/* End PBXFileReference section */

/* Begin PBXFrameworksBuildPhase section */
		C9CD927825B6C88C00920B81 /* Frameworks */ = {
			isa = PBXFrameworksBuildPhase;
			buildActionMask = 2147483647;
			files = (
				C9CD929725B6CA7B00920B81 /* ImagePickerView in Frameworks */,
			);
			runOnlyForDeploymentPostprocessing = 0;
		};
/* End PBXFrameworksBuildPhase section */

/* Begin PBXGroup section */
		C9CD927225B6C88C00920B81 = {
			isa = PBXGroup;
			children = (
				C9CD927D25B6C88C00920B81 /* ImagePickerViewDemo */,
				C9CD927C25B6C88C00920B81 /* Products */,
			);
			sourceTree = "<group>";
		};
		C9CD927C25B6C88C00920B81 /* Products */ = {
			isa = PBXGroup;
			children = (
				C9CD927B25B6C88C00920B81 /* ImagePickerViewDemo.app */,
			);
			name = Products;
			sourceTree = "<group>";
		};
		C9CD927D25B6C88C00920B81 /* ImagePickerViewDemo */ = {
			isa = PBXGroup;
			children = (
				C9CD927E25B6C88C00920B81 /* ImagePickerViewDemoApp.swift */,
				C9CD928E25B6C8F500920B81 /* UIImagePickerControllerContentView.swift */,
				C9CD929225B6C91D00920B81 /* PHPickerViewControllerContentView.swift */,
				C9CD928225B6C88F00920B81 /* Assets.xcassets */,
				C9CD928725B6C88F00920B81 /* Info.plist */,
				C9CD928425B6C88F00920B81 /* Preview Content */,
			);
			path = ImagePickerViewDemo;
			sourceTree = "<group>";
		};
		C9CD928425B6C88F00920B81 /* Preview Content */ = {
			isa = PBXGroup;
			children = (
				C9CD928525B6C88F00920B81 /* Preview Assets.xcassets */,
			);
			path = "Preview Content";
			sourceTree = "<group>";
		};
/* End PBXGroup section */

/* Begin PBXNativeTarget section */
		C9CD927A25B6C88C00920B81 /* ImagePickerViewDemo */ = {
			isa = PBXNativeTarget;
			buildConfigurationList = C9CD928A25B6C88F00920B81 /* Build configuration list for PBXNativeTarget "ImagePickerViewDemo" */;
			buildPhases = (
				C9CD927725B6C88C00920B81 /* Sources */,
				C9CD927825B6C88C00920B81 /* Frameworks */,
				C9CD927925B6C88C00920B81 /* Resources */,
			);
			buildRules = (
			);
			dependencies = (
			);
			name = ImagePickerViewDemo;
			packageProductDependencies = (
				C9CD929625B6CA7B00920B81 /* ImagePickerView */,
			);
			productName = ImagePickerViewDemo;
			productReference = C9CD927B25B6C88C00920B81 /* ImagePickerViewDemo.app */;
			productType = "com.apple.product-type.application";
		};
/* End PBXNativeTarget section */

/* Begin PBXProject section */
		C9CD927325B6C88C00920B81 /* Project object */ = {
			isa = PBXProject;
			attributes = {
				LastSwiftUpdateCheck = 1230;
				LastUpgradeCheck = 1230;
				TargetAttributes = {
					C9CD927A25B6C88C00920B81 = {
						CreatedOnToolsVersion = 12.3;
					};
				};
			};
			buildConfigurationList = C9CD927625B6C88C00920B81 /* Build configuration list for PBXProject "ImagePickerViewDemo" */;
			compatibilityVersion = "Xcode 9.3";
			developmentRegion = en;
			hasScannedForEncodings = 0;
			knownRegions = (
				en,
				Base,
			);
			mainGroup = C9CD927225B6C88C00920B81;
			packageReferences = (
				C9CD929525B6CA7B00920B81 /* XCRemoteSwiftPackageReference "ImagePickerView" */,
			);
			productRefGroup = C9CD927C25B6C88C00920B81 /* Products */;
			projectDirPath = "";
			projectRoot = "";
			targets = (
				C9CD927A25B6C88C00920B81 /* ImagePickerViewDemo */,
			);
		};
/* End PBXProject section */

/* Begin PBXResourcesBuildPhase section */
		C9CD927925B6C88C00920B81 /* Resources */ = {
			isa = PBXResourcesBuildPhase;
			buildActionMask = 2147483647;
			files = (
				C9CD928625B6C88F00920B81 /* Preview Assets.xcassets in Resources */,
				C9CD928325B6C88F00920B81 /* Assets.xcassets in Resources */,
			);
			runOnlyForDeploymentPostprocessing = 0;
		};
/* End PBXResourcesBuildPhase section */

/* Begin PBXSourcesBuildPhase section */
		C9CD927725B6C88C00920B81 /* Sources */ = {
			isa = PBXSourcesBuildPhase;
			buildActionMask = 2147483647;
			files = (
				C9CD927F25B6C88C00920B81 /* ImagePickerViewDemoApp.swift in Sources */,
				C9CD928F25B6C8F500920B81 /* UIImagePickerControllerContentView.swift in Sources */,
				C9CD929325B6C91D00920B81 /* PHPickerViewControllerContentView.swift in Sources */,
			);
			runOnlyForDeploymentPostprocessing = 0;
		};
/* End PBXSourcesBuildPhase section */

/* Begin XCBuildConfiguration section */
		C9CD928825B6C88F00920B81 /* Debug */ = {
			isa = XCBuildConfiguration;
			buildSettings = {
				ALWAYS_SEARCH_USER_PATHS = NO;
				CLANG_ANALYZER_NONNULL = YES;
				CLANG_ANALYZER_NUMBER_OBJECT_CONVERSION = YES_AGGRESSIVE;
				CLANG_CXX_LANGUAGE_STANDARD = "gnu++14";
				CLANG_CXX_LIBRARY = "libc++";
				CLANG_ENABLE_MODULES = YES;
				CLANG_ENABLE_OBJC_ARC = YES;
				CLANG_ENABLE_OBJC_WEAK = YES;
				CLANG_WARN_BLOCK_CAPTURE_AUTORELEASING = YES;
				CLANG_WARN_BOOL_CONVERSION = YES;
				CLANG_WARN_COMMA = YES;
				CLANG_WARN_CONSTANT_CONVERSION = YES;
				CLANG_WARN_DEPRECATED_OBJC_IMPLEMENTATIONS = YES;
				CLANG_WARN_DIRECT_OBJC_ISA_USAGE = YES_ERROR;
				CLANG_WARN_DOCUMENTATION_COMMENTS = YES;
				CLANG_WARN_EMPTY_BODY = YES;
				CLANG_WARN_ENUM_CONVERSION = YES;
				CLANG_WARN_INFINITE_RECURSION = YES;
				CLANG_WARN_INT_CONVERSION = YES;
				CLANG_WARN_NON_LITERAL_NULL_CONVERSION = YES;
				CLANG_WARN_OBJC_IMPLICIT_RETAIN_SELF = YES;
				CLANG_WARN_OBJC_LITERAL_CONVERSION = YES;
				CLANG_WARN_OBJC_ROOT_CLASS = YES_ERROR;
				CLANG_WARN_QUOTED_INCLUDE_IN_FRAMEWORK_HEADER = YES;
				CLANG_WARN_RANGE_LOOP_ANALYSIS = YES;
				CLANG_WARN_STRICT_PROTOTYPES = YES;
				CLANG_WARN_SUSPICIOUS_MOVE = YES;
				CLANG_WARN_UNGUARDED_AVAILABILITY = YES_AGGRESSIVE;
				CLANG_WARN_UNREACHABLE_CODE = YES;
				CLANG_WARN__DUPLICATE_METHOD_MATCH = YES;
				COPY_PHASE_STRIP = NO;
				DEBUG_INFORMATION_FORMAT = dwarf;
				ENABLE_STRICT_OBJC_MSGSEND = YES;
				ENABLE_TESTABILITY = YES;
				GCC_C_LANGUAGE_STANDARD = gnu11;
				GCC_DYNAMIC_NO_PIC = NO;
				GCC_NO_COMMON_BLOCKS = YES;
				GCC_OPTIMIZATION_LEVEL = 0;
				GCC_PREPROCESSOR_DEFINITIONS = (
					"DEBUG=1",
					"$(inherited)",
				);
				GCC_WARN_64_TO_32_BIT_CONVERSION = YES;
				GCC_WARN_ABOUT_RETURN_TYPE = YES_ERROR;
				GCC_WARN_UNDECLARED_SELECTOR = YES;
				GCC_WARN_UNINITIALIZED_AUTOS = YES_AGGRESSIVE;
				GCC_WARN_UNUSED_FUNCTION = YES;
				GCC_WARN_UNUSED_VARIABLE = YES;
				IPHONEOS_DEPLOYMENT_TARGET = 14.3;
				MTL_ENABLE_DEBUG_INFO = INCLUDE_SOURCE;
				MTL_FAST_MATH = YES;
				ONLY_ACTIVE_ARCH = YES;
				SDKROOT = iphoneos;
				SWIFT_ACTIVE_COMPILATION_CONDITIONS = DEBUG;
				SWIFT_OPTIMIZATION_LEVEL = "-Onone";
			};
			name = Debug;
		};
		C9CD928925B6C88F00920B81 /* Release */ = {
			isa = XCBuildConfiguration;
			buildSettings = {
				ALWAYS_SEARCH_USER_PATHS = NO;
				CLANG_ANALYZER_NONNULL = YES;
				CLANG_ANALYZER_NUMBER_OBJECT_CONVERSION = YES_AGGRESSIVE;
				CLANG_CXX_LANGUAGE_STANDARD = "gnu++14";
				CLANG_CXX_LIBRARY = "libc++";
				CLANG_ENABLE_MODULES = YES;
				CLANG_ENABLE_OBJC_ARC = YES;
				CLANG_ENABLE_OBJC_WEAK = YES;
				CLANG_WARN_BLOCK_CAPTURE_AUTORELEASING = YES;
				CLANG_WARN_BOOL_CONVERSION = YES;
				CLANG_WARN_COMMA = YES;
				CLANG_WARN_CONSTANT_CONVERSION = YES;
				CLANG_WARN_DEPRECATED_OBJC_IMPLEMENTATIONS = YES;
				CLANG_WARN_DIRECT_OBJC_ISA_USAGE = YES_ERROR;
				CLANG_WARN_DOCUMENTATION_COMMENTS = YES;
				CLANG_WARN_EMPTY_BODY = YES;
				CLANG_WARN_ENUM_CONVERSION = YES;
				CLANG_WARN_INFINITE_RECURSION = YES;
				CLANG_WARN_INT_CONVERSION = YES;
				CLANG_WARN_NON_LITERAL_NULL_CONVERSION = YES;
				CLANG_WARN_OBJC_IMPLICIT_RETAIN_SELF = YES;
				CLANG_WARN_OBJC_LITERAL_CONVERSION = YES;
				CLANG_WARN_OBJC_ROOT_CLASS = YES_ERROR;
				CLANG_WARN_QUOTED_INCLUDE_IN_FRAMEWORK_HEADER = YES;
				CLANG_WARN_RANGE_LOOP_ANALYSIS = YES;
				CLANG_WARN_STRICT_PROTOTYPES = YES;
				CLANG_WARN_SUSPICIOUS_MOVE = YES;
				CLANG_WARN_UNGUARDED_AVAILABILITY = YES_AGGRESSIVE;
				CLANG_WARN_UNREACHABLE_CODE = YES;
				CLANG_WARN__DUPLICATE_METHOD_MATCH = YES;
				COPY_PHASE_STRIP = NO;
				DEBUG_INFORMATION_FORMAT = "dwarf-with-dsym";
				ENABLE_NS_ASSERTIONS = NO;
				ENABLE_STRICT_OBJC_MSGSEND = YES;
				GCC_C_LANGUAGE_STANDARD = gnu11;
				GCC_NO_COMMON_BLOCKS = YES;
				GCC_WARN_64_TO_32_BIT_CONVERSION = YES;
				GCC_WARN_ABOUT_RETURN_TYPE = YES_ERROR;
				GCC_WARN_UNDECLARED_SELECTOR = YES;
				GCC_WARN_UNINITIALIZED_AUTOS = YES_AGGRESSIVE;
				GCC_WARN_UNUSED_FUNCTION = YES;
				GCC_WARN_UNUSED_VARIABLE = YES;
				IPHONEOS_DEPLOYMENT_TARGET = 14.3;
				MTL_ENABLE_DEBUG_INFO = NO;
				MTL_FAST_MATH = YES;
				SDKROOT = iphoneos;
				SWIFT_COMPILATION_MODE = wholemodule;
				SWIFT_OPTIMIZATION_LEVEL = "-O";
				VALIDATE_PRODUCT = YES;
			};
			name = Release;
		};
		C9CD928B25B6C88F00920B81 /* Debug */ = {
			isa = XCBuildConfiguration;
			buildSettings = {
				ASSETCATALOG_COMPILER_APPICON_NAME = AppIcon;
				ASSETCATALOG_COMPILER_GLOBAL_ACCENT_COLOR_NAME = AccentColor;
				CODE_SIGN_STYLE = Automatic;
				DEVELOPMENT_ASSET_PATHS = "\"ImagePickerViewDemo/Preview Content\"";
				DEVELOPMENT_TEAM = R252PR8AVU;
				ENABLE_PREVIEWS = YES;
				INFOPLIST_FILE = ImagePickerViewDemo/Info.plist;
				IPHONEOS_DEPLOYMENT_TARGET = 14.0;
				LD_RUNPATH_SEARCH_PATHS = (
					"$(inherited)",
					"@executable_path/Frameworks",
				);
				PRODUCT_BUNDLE_IDENTIFIER = com.rebeloper.ImagePickerViewDemo;
				PRODUCT_NAME = "$(TARGET_NAME)";
				SWIFT_VERSION = 5.0;
				TARGETED_DEVICE_FAMILY = "1,2";
			};
			name = Debug;
		};
		C9CD928C25B6C88F00920B81 /* Release */ = {
			isa = XCBuildConfiguration;
			buildSettings = {
				ASSETCATALOG_COMPILER_APPICON_NAME = AppIcon;
				ASSETCATALOG_COMPILER_GLOBAL_ACCENT_COLOR_NAME = AccentColor;
				CODE_SIGN_STYLE = Automatic;
				DEVELOPMENT_ASSET_PATHS = "\"ImagePickerViewDemo/Preview Content\"";
				DEVELOPMENT_TEAM = R252PR8AVU;
				ENABLE_PREVIEWS = YES;
				INFOPLIST_FILE = ImagePickerViewDemo/Info.plist;
				IPHONEOS_DEPLOYMENT_TARGET = 14.0;
				LD_RUNPATH_SEARCH_PATHS = (
					"$(inherited)",
					"@executable_path/Frameworks",
				);
				PRODUCT_BUNDLE_IDENTIFIER = com.rebeloper.ImagePickerViewDemo;
				PRODUCT_NAME = "$(TARGET_NAME)";
				SWIFT_VERSION = 5.0;
				TARGETED_DEVICE_FAMILY = "1,2";
			};
			name = Release;
		};
/* End XCBuildConfiguration section */

/* Begin XCConfigurationList section */
		C9CD927625B6C88C00920B81 /* Build configuration list for PBXProject "ImagePickerViewDemo" */ = {
			isa = XCConfigurationList;
			buildConfigurations = (
				C9CD928825B6C88F00920B81 /* Debug */,
				C9CD928925B6C88F00920B81 /* Release */,
			);
			defaultConfigurationIsVisible = 0;
			defaultConfigurationName = Release;
		};
		C9CD928A25B6C88F00920B81 /* Build configuration list for PBXNativeTarget "ImagePickerViewDemo" */ = {
			isa = XCConfigurationList;
			buildConfigurations = (
				C9CD928B25B6C88F00920B81 /* Debug */,
				C9CD928C25B6C88F00920B81 /* Release */,
			);
			defaultConfigurationIsVisible = 0;
			defaultConfigurationName = Release;
		};
/* End XCConfigurationList section */

/* Begin XCRemoteSwiftPackageReference section */
		C9CD929525B6CA7B00920B81 /* XCRemoteSwiftPackageReference "ImagePickerView" */ = {
			isa = XCRemoteSwiftPackageReference;
			repositoryURL = "https://github.com/rebeloper/ImagePickerView.git";
			requirement = {
				kind = upToNextMajorVersion;
				minimumVersion = 0.2.1;
			};
		};
/* End XCRemoteSwiftPackageReference section */

/* Begin XCSwiftPackageProductDependency section */
		C9CD929625B6CA7B00920B81 /* ImagePickerView */ = {
			isa = XCSwiftPackageProductDependency;
			package = C9CD929525B6CA7B00920B81 /* XCRemoteSwiftPackageReference "ImagePickerView" */;
			productName = ImagePickerView;
		};
/* End XCSwiftPackageProductDependency section */
	};
	rootObject = C9CD927325B6C88C00920B81 /* Project object */;
}
